
Microsoft Visual Studio Solution File, Format Version 12.00
# Visual Studio 14
VisualStudioVersion = 14.0.23107.0
MinimumVisualStudioVersion = 10.0.40219.1
Project("{FAE04EC0-301F-11D3-BF4B-00C04F79EFBC}") = "Individual-project", "Individual-project\Individual-project.csproj", "{4C8B25D5-2872-4A8C-878E-9416836D7124}"
EndProject
Global
	GlobalSection(SolutionConfigurationPlatforms) = preSolution
		Debug|Any CPU = Debug|Any CPU
		Release|Any CPU = Release|Any CPU
	EndGlobalSection
	GlobalSection(ProjectConfigurationPlatforms) = postSolution
		{4C8B25D5-2872-4A8C-878E-9416836D7124}.Debug|Any CPU.ActiveCfg = Debug|Any CPU
		{4C8B25D5-2872-4A8C-878E-9416836D7124}.Debug|Any CPU.Build.0 = Debug|Any CPU
		{4C8B25D5-2872-4A8C-878E-9416836D7124}.Release|Any CPU.ActiveCfg = Release|Any CPU
		{4C8B25D5-2872-4A8C-878E-9416836D7124}.Release|Any CPU.Build.0 = Release|Any CPU
	EndGlobalSection
	GlobalSection(SolutionProperties) = preSolution
		HideSolutionNode = FALSE
	EndGlobalSection
EndGlobal
